
Microsoft Visual Studio Solution File, Format Version 12.00
# Visual Studio Version 16
VisualStudioVersion = 16.0.31613.86
MinimumVisualStudioVersion = 10.0.40219.1
Project("{FAE04EC0-301F-11D3-BF4B-00C04F79EFBC}") = "4 i rad dropdown", "4 i rad dropdown.csproj", "{53A4D52C-9144-4BA8-9494-01B899A90DA2}"
EndProject
Global
	GlobalSection(SolutionConfigurationPlatforms) = preSolution
		Debug|Any CPU = Debug|Any CPU
		Release|Any CPU = Release|Any CPU
	EndGlobalSection
	GlobalSection(ProjectConfigurationPlatforms) = postSolution
		{53A4D52C-9144-4BA8-9494-01B899A90DA2}.Debug|Any CPU.ActiveCfg = Debug|Any CPU
		{53A4D52C-9144-4BA8-9494-01B899A90DA2}.Debug|Any CPU.Build.0 = Debug|Any CPU
		{53A4D52C-9144-4BA8-9494-01B899A90DA2}.Release|Any CPU.ActiveCfg = Release|Any CPU
		{53A4D52C-9144-4BA8-9494-01B899A90DA2}.Release|Any CPU.Build.0 = Release|Any CPU
	EndGlobalSection
	GlobalSection(SolutionProperties) = preSolution
		HideSolutionNode = FALSE
	EndGlobalSection
	GlobalSection(ExtensibilityGlobals) = postSolution
		SolutionGuid = {494004C2-9E2B-4A7A-9C5E-C005C81034A8}
	EndGlobalSection
EndGlobal
